
Microsoft Visual Studio Solution File, Format Version 11.00
# Visual Studio 2010
Project("{FAE04EC0-301F-11D3-BF4B-00C04F79EFBC}") = "Assembly-CSharp", "Assembly-CSharp.csproj", "{F7D4F616-9364-F8A4-E254-E87F26936FB9}"
EndProject
Project("{FAE04EC0-301F-11D3-BF4B-00C04F79EFBC}") = "Assembly-CSharp-Editor", "Assembly-CSharp-Editor.csproj", "{ACB4D66A-3A7C-49C0-82B2-3D735DE7F442}"
EndProject
Global
	GlobalSection(SolutionConfigurationPlatforms) = preSolution
		Debug|Any CPU = Debug|Any CPU
		Release|Any CPU = Release|Any CPU
	EndGlobalSection
	GlobalSection(ProjectConfigurationPlatforms) = postSolution
		{F7D4F616-9364-F8A4-E254-E87F26936FB9}.Debug|Any CPU.ActiveCfg = Debug|Any CPU
		{F7D4F616-9364-F8A4-E254-E87F26936FB9}.Debug|Any CPU.Build.0 = Debug|Any CPU
		{F7D4F616-9364-F8A4-E254-E87F26936FB9}.Release|Any CPU.ActiveCfg = Release|Any CPU
		{F7D4F616-9364-F8A4-E254-E87F26936FB9}.Release|Any CPU.Build.0 = Release|Any CPU
		{ACB4D66A-3A7C-49C0-82B2-3D735DE7F442}.Debug|Any CPU.ActiveCfg = Debug|Any CPU
		{ACB4D66A-3A7C-49C0-82B2-3D735DE7F442}.Debug|Any CPU.Build.0 = Debug|Any CPU
		{ACB4D66A-3A7C-49C0-82B2-3D735DE7F442}.Release|Any CPU.ActiveCfg = Release|Any CPU
		{ACB4D66A-3A7C-49C0-82B2-3D735DE7F442}.Release|Any CPU.Build.0 = Release|Any CPU
	EndGlobalSection
	GlobalSection(SolutionProperties) = preSolution
		HideSolutionNode = FALSE
	EndGlobalSection
	GlobalSection(MonoDevelopProperties) = preSolution
		StartupItem = Assembly-CSharp.csproj
	EndGlobalSection
EndGlobal
